// !$*UTF8*$!
{
	archiveVersion = 1;
	classes = {
	};
	objectVersion = 55;
	objects = {

/* Begin PBXBuildFile section */
		CE33809827DD6B880072E6AD /* SynthSingleViewModel.swift in Sources */ = {isa = PBXBuildFile; fileRef = CE33809727DD6B880072E6AD /* SynthSingleViewModel.swift */; };
		CE51111B27DE14EC0001F1F0 /* NumberKeyboardView.swift in Sources */ = {isa = PBXBuildFile; fileRef = CE51111A27DE14EC0001F1F0 /* NumberKeyboardView.swift */; };
		CE601BC627DCB1BF00DA7C08 /* Launch Screen.storyboard in Resources */ = {isa = PBXBuildFile; fileRef = CE601BC427DCB04C00DA7C08 /* Launch Screen.storyboard */; };
		CE6E221927D8CECF005C3666 /* TypingNumberSettingView.swift in Sources */ = {isa = PBXBuildFile; fileRef = CE6E221827D8CECF005C3666 /* TypingNumberSettingView.swift */; };
		CE96DD4E27D7A00F008719F3 /* shareClass.swift in Sources */ = {isa = PBXBuildFile; fileRef = CE96DD4D27D7A00F008719F3 /* shareClass.swift */; };
		CE96DD5027D8686B008719F3 /* TypingNumberView.swift in Sources */ = {isa = PBXBuildFile; fileRef = CE96DD4F27D8686B008719F3 /* TypingNumberView.swift */; };
		CEACFAF727D48DB800CCBBD5 /* Color.swift in Sources */ = {isa = PBXBuildFile; fileRef = CEACFAF627D48DB800CCBBD5 /* Color.swift */; };
		CEACFAFB27D4973F00CCBBD5 /* SynthViewModel.swift in Sources */ = {isa = PBXBuildFile; fileRef = CEACFAFA27D4973F00CCBBD5 /* SynthViewModel.swift */; };
		CEC8EBE627D4496600433A7F /* NumberOfSpeechApp.swift in Sources */ = {isa = PBXBuildFile; fileRef = CEC8EBE527D4496600433A7F /* NumberOfSpeechApp.swift */; };
		CEC8EBE827D4496600433A7F /* VoiceView.swift in Sources */ = {isa = PBXBuildFile; fileRef = CEC8EBE727D4496600433A7F /* VoiceView.swift */; };
		CEC8EBEA27D4496800433A7F /* Assets.xcassets in Resources */ = {isa = PBXBuildFile; fileRef = CEC8EBE927D4496800433A7F /* Assets.xcassets */; };
		CEC8EBED27D4496800433A7F /* Preview Assets.xcassets in Resources */ = {isa = PBXBuildFile; fileRef = CEC8EBEC27D4496800433A7F /* Preview Assets.xcassets */; };
		CEC8EBFB27D44A1E00433A7F /* VoiceViewModel.swift in Sources */ = {isa = PBXBuildFile; fileRef = CEC8EBFA27D44A1E00433A7F /* VoiceViewModel.swift */; };
		CEC8EC0727D459E800433A7F /* MainView.swift in Sources */ = {isa = PBXBuildFile; fileRef = CEC8EC0627D459E800433A7F /* MainView.swift */; };
		CEC8EC0927D45A4C00433A7F /* SettingView.swift in Sources */ = {isa = PBXBuildFile; fileRef = CEC8EC0827D45A4C00433A7F /* SettingView.swift */; };
		CEED0D4A27DDF1F900DF9C97 /* String.swift in Sources */ = {isa = PBXBuildFile; fileRef = CEED0D4927DDF1F900DF9C97 /* String.swift */; };
/* End PBXBuildFile section */

/* Begin PBXFileReference section */
		CE33809727DD6B880072E6AD /* SynthSingleViewModel.swift */ = {isa = PBXFileReference; lastKnownFileType = sourcecode.swift; path = SynthSingleViewModel.swift; sourceTree = "<group>"; };
		CE51111A27DE14EC0001F1F0 /* NumberKeyboardView.swift */ = {isa = PBXFileReference; lastKnownFileType = sourcecode.swift; path = NumberKeyboardView.swift; sourceTree = "<group>"; };
		CE601BC427DCB04C00DA7C08 /* Launch Screen.storyboard */ = {isa = PBXFileReference; lastKnownFileType = file.storyboard; path = "Launch Screen.storyboard"; sourceTree = "<group>"; };
		CE6E221827D8CECF005C3666 /* TypingNumberSettingView.swift */ = {isa = PBXFileReference; lastKnownFileType = sourcecode.swift; path = TypingNumberSettingView.swift; sourceTree = "<group>"; };
		CE96DD4D27D7A00F008719F3 /* shareClass.swift */ = {isa = PBXFileReference; lastKnownFileType = sourcecode.swift; path = shareClass.swift; sourceTree = "<group>"; };
		CE96DD4F27D8686B008719F3 /* TypingNumberView.swift */ = {isa = PBXFileReference; lastKnownFileType = sourcecode.swift; path = TypingNumberView.swift; sourceTree = "<group>"; };
		CEACFAF627D48DB800CCBBD5 /* Color.swift */ = {isa = PBXFileReference; fileEncoding = 4; lastKnownFileType = sourcecode.swift; path = Color.swift; sourceTree = "<group>"; };
		CEACFAFA27D4973F00CCBBD5 /* SynthViewModel.swift */ = {isa = PBXFileReference; lastKnownFileType = sourcecode.swift; path = SynthViewModel.swift; sourceTree = "<group>"; };
		CEC8EBE227D4496600433A7F /* 語言數字聽力.app */ = {isa = PBXFileReference; explicitFileType = wrapper.application; includeInIndex = 0; path = "語言數字聽力.app"; sourceTree = BUILT_PRODUCTS_DIR; };
		CEC8EBE527D4496600433A7F /* NumberOfSpeechApp.swift */ = {isa = PBXFileReference; lastKnownFileType = sourcecode.swift; path = NumberOfSpeechApp.swift; sourceTree = "<group>"; };
		CEC8EBE727D4496600433A7F /* VoiceView.swift */ = {isa = PBXFileReference; lastKnownFileType = sourcecode.swift; path = VoiceView.swift; sourceTree = "<group>"; };
		CEC8EBE927D4496800433A7F /* Assets.xcassets */ = {isa = PBXFileReference; lastKnownFileType = folder.assetcatalog; path = Assets.xcassets; sourceTree = "<group>"; };
		CEC8EBEC27D4496800433A7F /* Preview Assets.xcassets */ = {isa = PBXFileReference; lastKnownFileType = folder.assetcatalog; path = "Preview Assets.xcassets"; sourceTree = "<group>"; };
		CEC8EBFA27D44A1E00433A7F /* VoiceViewModel.swift */ = {isa = PBXFileReference; lastKnownFileType = sourcecode.swift; path = VoiceViewModel.swift; sourceTree = "<group>"; };
		CEC8EC0627D459E800433A7F /* MainView.swift */ = {isa = PBXFileReference; lastKnownFileType = sourcecode.swift; path = MainView.swift; sourceTree = "<group>"; };
		CEC8EC0827D45A4C00433A7F /* SettingView.swift */ = {isa = PBXFileReference; lastKnownFileType = sourcecode.swift; path = SettingView.swift; sourceTree = "<group>"; };
		CEED0D4927DDF1F900DF9C97 /* String.swift */ = {isa = PBXFileReference; lastKnownFileType = sourcecode.swift; path = String.swift; sourceTree = "<group>"; };
/* End PBXFileReference section */

/* Begin PBXFrameworksBuildPhase section */
		CEC8EBDF27D4496600433A7F /* Frameworks */ = {
			isa = PBXFrameworksBuildPhase;
			buildActionMask = 2147483647;
			files = (
			);
			runOnlyForDeploymentPostprocessing = 0;
		};
/* End PBXFrameworksBuildPhase section */

/* Begin PBXGroup section */
		CEACFAF527D48DB100CCBBD5 /* Extension */ = {
			isa = PBXGroup;
			children = (
				CEACFAF627D48DB800CCBBD5 /* Color.swift */,
				CEC8EBFA27D44A1E00433A7F /* VoiceViewModel.swift */,
				CEACFAFA27D4973F00CCBBD5 /* SynthViewModel.swift */,
				CE33809727DD6B880072E6AD /* SynthSingleViewModel.swift */,
				CE96DD4D27D7A00F008719F3 /* shareClass.swift */,
				CEED0D4927DDF1F900DF9C97 /* String.swift */,
			);
			path = Extension;
			sourceTree = "<group>";
		};
		CEC8EBD927D4496600433A7F = {
			isa = PBXGroup;
			children = (
				CEC8EBE427D4496600433A7F /* NumberOfSpeech */,
				CEC8EBE327D4496600433A7F /* Products */,
			);
			sourceTree = "<group>";
		};
		CEC8EBE327D4496600433A7F /* Products */ = {
			isa = PBXGroup;
			children = (
				CEC8EBE227D4496600433A7F /* 語言數字聽力.app */,
			);
			name = Products;
			sourceTree = "<group>";
		};
		CEC8EBE427D4496600433A7F /* NumberOfSpeech */ = {
			isa = PBXGroup;
			children = (
				CEACFAF527D48DB100CCBBD5 /* Extension */,
				CEC8EBE527D4496600433A7F /* NumberOfSpeechApp.swift */,
				CEC8EBE927D4496800433A7F /* Assets.xcassets */,
				CEC8EBEB27D4496800433A7F /* Preview Content */,
				CEC8EC0627D459E800433A7F /* MainView.swift */,
				CEC8EBE727D4496600433A7F /* VoiceView.swift */,
				CEC8EC0827D45A4C00433A7F /* SettingView.swift */,
				CE96DD4F27D8686B008719F3 /* TypingNumberView.swift */,
				CE6E221827D8CECF005C3666 /* TypingNumberSettingView.swift */,
				CE601BC427DCB04C00DA7C08 /* Launch Screen.storyboard */,
				CE51111A27DE14EC0001F1F0 /* NumberKeyboardView.swift */,
			);
			path = NumberOfSpeech;
			sourceTree = "<group>";
		};
		CEC8EBEB27D4496800433A7F /* Preview Content */ = {
			isa = PBXGroup;
			children = (
				CEC8EBEC27D4496800433A7F /* Preview Assets.xcassets */,
			);
			path = "Preview Content";
			sourceTree = "<group>";
		};
/* End PBXGroup section */

/* Begin PBXNativeTarget section */
		CEC8EBE127D4496600433A7F /* 語言數字聽力 */ = {
			isa = PBXNativeTarget;
			buildConfigurationList = CEC8EBF027D4496800433A7F /* Build configuration list for PBXNativeTarget "語言數字聽力" */;
			buildPhases = (
				CEC8EBDE27D4496600433A7F /* Sources */,
				CEC8EBDF27D4496600433A7F /* Frameworks */,
				CEC8EBE027D4496600433A7F /* Resources */,
			);
			buildRules = (
			);
			dependencies = (
			);
			name = "語言數字聽力";
			productName = NumberOfSpeech;
			productReference = CEC8EBE227D4496600433A7F /* 語言數字聽力.app */;
			productType = "com.apple.product-type.application";
		};
/* End PBXNativeTarget section */

/* Begin PBXProject section */
		CEC8EBDA27D4496600433A7F /* Project object */ = {
			isa = PBXProject;
			attributes = {
				BuildIndependentTargetsInParallel = 1;
				LastSwiftUpdateCheck = 1320;
				LastUpgradeCheck = 1320;
				TargetAttributes = {
					CEC8EBE127D4496600433A7F = {
						CreatedOnToolsVersion = 13.2.1;
					};
				};
			};
			buildConfigurationList = CEC8EBDD27D4496600433A7F /* Build configuration list for PBXProject "NumberOfSpeech" */;
			compatibilityVersion = "Xcode 13.0";
			developmentRegion = "zh-Hant";
			hasScannedForEncodings = 0;
			knownRegions = (
				"zh-Hant",
				Base,
			);
			mainGroup = CEC8EBD927D4496600433A7F;
			productRefGroup = CEC8EBE327D4496600433A7F /* Products */;
			projectDirPath = "";
			projectRoot = "";
			targets = (
				CEC8EBE127D4496600433A7F /* 語言數字聽力 */,
			);
		};
/* End PBXProject section */

/* Begin PBXResourcesBuildPhase section */
		CEC8EBE027D4496600433A7F /* Resources */ = {
			isa = PBXResourcesBuildPhase;
			buildActionMask = 2147483647;
			files = (
				CE601BC627DCB1BF00DA7C08 /* Launch Screen.storyboard in Resources */,
				CEC8EBED27D4496800433A7F /* Preview Assets.xcassets in Resources */,
				CEC8EBEA27D4496800433A7F /* Assets.xcassets in Resources */,
			);
			runOnlyForDeploymentPostprocessing = 0;
		};
/* End PBXResourcesBuildPhase section */

/* Begin PBXSourcesBuildPhase section */
		CEC8EBDE27D4496600433A7F /* Sources */ = {
			isa = PBXSourcesBuildPhase;
			buildActionMask = 2147483647;
			files = (
				CE96DD5027D8686B008719F3 /* TypingNumberView.swift in Sources */,
				CEED0D4A27DDF1F900DF9C97 /* String.swift in Sources */,
				CE6E221927D8CECF005C3666 /* TypingNumberSettingView.swift in Sources */,
				CEC8EBE827D4496600433A7F /* VoiceView.swift in Sources */,
				CE33809827DD6B880072E6AD /* SynthSingleViewModel.swift in Sources */,
				CEC8EBFB27D44A1E00433A7F /* VoiceViewModel.swift in Sources */,
				CEACFAF727D48DB800CCBBD5 /* Color.swift in Sources */,
				CE51111B27DE14EC0001F1F0 /* NumberKeyboardView.swift in Sources */,
				CE96DD4E27D7A00F008719F3 /* shareClass.swift in Sources */,
				CEACFAFB27D4973F00CCBBD5 /* SynthViewModel.swift in Sources */,
				CEC8EC0927D45A4C00433A7F /* SettingView.swift in Sources */,
				CEC8EC0727D459E800433A7F /* MainView.swift in Sources */,
				CEC8EBE627D4496600433A7F /* NumberOfSpeechApp.swift in Sources */,
			);
			runOnlyForDeploymentPostprocessing = 0;
		};
/* End PBXSourcesBuildPhase section */

/* Begin XCBuildConfiguration section */
		CEC8EBEE27D4496800433A7F /* Debug */ = {
			isa = XCBuildConfiguration;
			buildSettings = {
				ALWAYS_SEARCH_USER_PATHS = NO;
				ASSETCATALOG_COMPILER_LAUNCHIMAGE_NAME = LaunchImage;
				CLANG_ANALYZER_LOCALIZABILITY_NONLOCALIZED = YES;
				CLANG_ANALYZER_NONNULL = YES;
				CLANG_ANALYZER_NUMBER_OBJECT_CONVERSION = YES_AGGRESSIVE;
				CLANG_CXX_LANGUAGE_STANDARD = "gnu++17";
				CLANG_CXX_LIBRARY = "libc++";
				CLANG_ENABLE_MODULES = YES;
				CLANG_ENABLE_OBJC_ARC = YES;
				CLANG_ENABLE_OBJC_WEAK = YES;
				CLANG_WARN_BLOCK_CAPTURE_AUTORELEASING = YES;
				CLANG_WARN_BOOL_CONVERSION = YES;
				CLANG_WARN_COMMA = YES;
				CLANG_WARN_CONSTANT_CONVERSION = YES;
				CLANG_WARN_DEPRECATED_OBJC_IMPLEMENTATIONS = YES;
				CLANG_WARN_DIRECT_OBJC_ISA_USAGE = YES_ERROR;
				CLANG_WARN_DOCUMENTATION_COMMENTS = YES;
				CLANG_WARN_EMPTY_BODY = YES;
				CLANG_WARN_ENUM_CONVERSION = YES;
				CLANG_WARN_INFINITE_RECURSION = YES;
				CLANG_WARN_INT_CONVERSION = YES;
				CLANG_WARN_NON_LITERAL_NULL_CONVERSION = YES;
				CLANG_WARN_OBJC_IMPLICIT_RETAIN_SELF = YES;
				CLANG_WARN_OBJC_LITERAL_CONVERSION = YES;
				CLANG_WARN_OBJC_ROOT_CLASS = YES_ERROR;
				CLANG_WARN_QUOTED_INCLUDE_IN_FRAMEWORK_HEADER = YES;
				CLANG_WARN_RANGE_LOOP_ANALYSIS = YES;
				CLANG_WARN_STRICT_PROTOTYPES = YES;
				CLANG_WARN_SUSPICIOUS_MOVE = YES;
				CLANG_WARN_UNGUARDED_AVAILABILITY = YES_AGGRESSIVE;
				CLANG_WARN_UNREACHABLE_CODE = YES;
				CLANG_WARN__DUPLICATE_METHOD_MATCH = YES;
				COPY_PHASE_STRIP = NO;
				DEBUG_INFORMATION_FORMAT = dwarf;
				ENABLE_STRICT_OBJC_MSGSEND = YES;
				ENABLE_TESTABILITY = YES;
				GCC_C_LANGUAGE_STANDARD = gnu11;
				GCC_DYNAMIC_NO_PIC = NO;
				GCC_NO_COMMON_BLOCKS = YES;
				GCC_OPTIMIZATION_LEVEL = 0;
				GCC_PREPROCESSOR_DEFINITIONS = (
					"DEBUG=1",
					"$(inherited)",
				);
				GCC_WARN_64_TO_32_BIT_CONVERSION = YES;
				GCC_WARN_ABOUT_RETURN_TYPE = YES_ERROR;
				GCC_WARN_UNDECLARED_SELECTOR = YES;
				GCC_WARN_UNINITIALIZED_AUTOS = YES_AGGRESSIVE;
				GCC_WARN_UNUSED_FUNCTION = YES;
				GCC_WARN_UNUSED_VARIABLE = YES;
				IPHONEOS_DEPLOYMENT_TARGET = 15.0;
				MTL_ENABLE_DEBUG_INFO = INCLUDE_SOURCE;
				MTL_FAST_MATH = YES;
				ONLY_ACTIVE_ARCH = YES;
				SDKROOT = iphoneos;
				SWIFT_ACTIVE_COMPILATION_CONDITIONS = DEBUG;
				SWIFT_OPTIMIZATION_LEVEL = "-Onone";
			};
			name = Debug;
		};
		CEC8EBEF27D4496800433A7F /* Release */ = {
			isa = XCBuildConfiguration;
			buildSettings = {
				ALWAYS_SEARCH_USER_PATHS = NO;
				ASSETCATALOG_COMPILER_LAUNCHIMAGE_NAME = LaunchImage;
				CLANG_ANALYZER_LOCALIZABILITY_NONLOCALIZED = YES;
				CLANG_ANALYZER_NONNULL = YES;
				CLANG_ANALYZER_NUMBER_OBJECT_CONVERSION = YES_AGGRESSIVE;
				CLANG_CXX_LANGUAGE_STANDARD = "gnu++17";
				CLANG_CXX_LIBRARY = "libc++";
				CLANG_ENABLE_MODULES = YES;
				CLANG_ENABLE_OBJC_ARC = YES;
				CLANG_ENABLE_OBJC_WEAK = YES;
				CLANG_WARN_BLOCK_CAPTURE_AUTORELEASING = YES;
				CLANG_WARN_BOOL_CONVERSION = YES;
				CLANG_WARN_COMMA = YES;
				CLANG_WARN_CONSTANT_CONVERSION = YES;
				CLANG_WARN_DEPRECATED_OBJC_IMPLEMENTATIONS = YES;
				CLANG_WARN_DIRECT_OBJC_ISA_USAGE = YES_ERROR;
				CLANG_WARN_DOCUMENTATION_COMMENTS = YES;
				CLANG_WARN_EMPTY_BODY = YES;
				CLANG_WARN_ENUM_CONVERSION = YES;
				CLANG_WARN_INFINITE_RECURSION = YES;
				CLANG_WARN_INT_CONVERSION = YES;
				CLANG_WARN_NON_LITERAL_NULL_CONVERSION = YES;
				CLANG_WARN_OBJC_IMPLICIT_RETAIN_SELF = YES;
				CLANG_WARN_OBJC_LITERAL_CONVERSION = YES;
				CLANG_WARN_OBJC_ROOT_CLASS = YES_ERROR;
				CLANG_WARN_QUOTED_INCLUDE_IN_FRAMEWORK_HEADER = YES;
				CLANG_WARN_RANGE_LOOP_ANALYSIS = YES;
				CLANG_WARN_STRICT_PROTOTYPES = YES;
				CLANG_WARN_SUSPICIOUS_MOVE = YES;
				CLANG_WARN_UNGUARDED_AVAILABILITY = YES_AGGRESSIVE;
				CLANG_WARN_UNREACHABLE_CODE = YES;
				CLANG_WARN__DUPLICATE_METHOD_MATCH = YES;
				COPY_PHASE_STRIP = NO;
				DEBUG_INFORMATION_FORMAT = "dwarf-with-dsym";
				ENABLE_NS_ASSERTIONS = NO;
				ENABLE_STRICT_OBJC_MSGSEND = YES;
				GCC_C_LANGUAGE_STANDARD = gnu11;
				GCC_NO_COMMON_BLOCKS = YES;
				GCC_WARN_64_TO_32_BIT_CONVERSION = YES;
				GCC_WARN_ABOUT_RETURN_TYPE = YES_ERROR;
				GCC_WARN_UNDECLARED_SELECTOR = YES;
				GCC_WARN_UNINITIALIZED_AUTOS = YES_AGGRESSIVE;
				GCC_WARN_UNUSED_FUNCTION = YES;
				GCC_WARN_UNUSED_VARIABLE = YES;
				IPHONEOS_DEPLOYMENT_TARGET = 15.0;
				MTL_ENABLE_DEBUG_INFO = NO;
				MTL_FAST_MATH = YES;
				SDKROOT = iphoneos;
				SWIFT_COMPILATION_MODE = wholemodule;
				SWIFT_OPTIMIZATION_LEVEL = "-O";
				VALIDATE_PRODUCT = YES;
			};
			name = Release;
		};
		CEC8EBF127D4496800433A7F /* Debug */ = {
			isa = XCBuildConfiguration;
			buildSettings = {
				ASSETCATALOG_COMPILER_APPICON_NAME = AppIcon;
				ASSETCATALOG_COMPILER_GLOBAL_ACCENT_COLOR_NAME = AccentColor;
				ASSETCATALOG_COMPILER_LAUNCHIMAGE_NAME = "";
				CODE_SIGN_STYLE = Automatic;
				CURRENT_PROJECT_VERSION = 1;
				DEVELOPMENT_ASSET_PATHS = "\"NumberOfSpeech/Preview Content\"";
				DEVELOPMENT_TEAM = "";
				ENABLE_PREVIEWS = YES;
				GENERATE_INFOPLIST_FILE = YES;
				INFOPLIST_KEY_UIApplicationSceneManifest_Generation = YES;
				INFOPLIST_KEY_UIApplicationSupportsIndirectInputEvents = YES;
				INFOPLIST_KEY_UILaunchScreen_Generation = YES;
				INFOPLIST_KEY_UILaunchStoryboardName = "Launch Screen";
				INFOPLIST_KEY_UISupportedInterfaceOrientations = UIInterfaceOrientationPortrait;
				INFOPLIST_KEY_UISupportedInterfaceOrientations_iPad = "UIInterfaceOrientationPortrait UIInterfaceOrientationPortraitUpsideDown UIInterfaceOrientationLandscapeLeft UIInterfaceOrientationLandscapeRight";
				INFOPLIST_KEY_UISupportedInterfaceOrientations_iPhone = UIInterfaceOrientationPortrait;
				LD_RUNPATH_SEARCH_PATHS = (
					"$(inherited)",
					"@executable_path/Frameworks",
				);
				MARKETING_VERSION = 1.02;
				PRODUCT_BUNDLE_IDENTIFIER = com.NumberOfSpeech2;
				PRODUCT_NAME = "語言數字聽力";
				SWIFT_EMIT_LOC_STRINGS = YES;
				SWIFT_VERSION = 5.0;
				TARGETED_DEVICE_FAMILY = 1;
			};
			name = Debug;
		};
		CEC8EBF227D4496800433A7F /* Release */ = {
			isa = XCBuildConfiguration;
			buildSettings = {
				ASSETCATALOG_COMPILER_APPICON_NAME = AppIcon;
				ASSETCATALOG_COMPILER_GLOBAL_ACCENT_COLOR_NAME = AccentColor;
				ASSETCATALOG_COMPILER_LAUNCHIMAGE_NAME = "";
				CODE_SIGN_STYLE = Automatic;
				CURRENT_PROJECT_VERSION = 1;
				DEVELOPMENT_ASSET_PATHS = "\"NumberOfSpeech/Preview Content\"";
				DEVELOPMENT_TEAM = "";
				ENABLE_PREVIEWS = YES;
				GENERATE_INFOPLIST_FILE = YES;
				INFOPLIST_KEY_UIApplicationSceneManifest_Generation = YES;
				INFOPLIST_KEY_UIApplicationSupportsIndirectInputEvents = YES;
				INFOPLIST_KEY_UILaunchScreen_Generation = YES;
				INFOPLIST_KEY_UILaunchStoryboardName = "Launch Screen";
				INFOPLIST_KEY_UISupportedInterfaceOrientations = UIInterfaceOrientationPortrait;
				INFOPLIST_KEY_UISupportedInterfaceOrientations_iPad = "UIInterfaceOrientationPortrait UIInterfaceOrientationPortraitUpsideDown UIInterfaceOrientationLandscapeLeft UIInterfaceOrientationLandscapeRight";
				INFOPLIST_KEY_UISupportedInterfaceOrientations_iPhone = UIInterfaceOrientationPortrait;
				LD_RUNPATH_SEARCH_PATHS = (
					"$(inherited)",
					"@executable_path/Frameworks",
				);
				MARKETING_VERSION = 1.02;
				PRODUCT_BUNDLE_IDENTIFIER = com.NumberOfSpeech2;
				PRODUCT_NAME = "語言數字聽力";
				SWIFT_EMIT_LOC_STRINGS = YES;
				SWIFT_VERSION = 5.0;
				TARGETED_DEVICE_FAMILY = 1;
			};
			name = Release;
		};
/* End XCBuildConfiguration section */

/* Begin XCConfigurationList section */
		CEC8EBDD27D4496600433A7F /* Build configuration list for PBXProject "NumberOfSpeech" */ = {
			isa = XCConfigurationList;
			buildConfigurations = (
				CEC8EBEE27D4496800433A7F /* Debug */,
				CEC8EBEF27D4496800433A7F /* Release */,
			);
			defaultConfigurationIsVisible = 0;
			defaultConfigurationName = Release;
		};
		CEC8EBF027D4496800433A7F /* Build configuration list for PBXNativeTarget "語言數字聽力" */ = {
			isa = XCConfigurationList;
			buildConfigurations = (
				CEC8EBF127D4496800433A7F /* Debug */,
				CEC8EBF227D4496800433A7F /* Release */,
			);
			defaultConfigurationIsVisible = 0;
			defaultConfigurationName = Release;
		};
/* End XCConfigurationList section */
	};
	rootObject = CEC8EBDA27D4496600433A7F /* Project object */;
}
